
Microsoft Visual Studio Solution File, Format Version 12.00
# Visual Studio 15
VisualStudioVersion = 15.0.27130.2010
MinimumVisualStudioVersion = 10.0.40219.1
Project("{FAE04EC0-301F-11D3-BF4B-00C04F79EFBC}") = "1_Shapes", "1_Shapes\1_Shapes.csproj", "{ED39AA15-1868-4973-BF8F-47C99A1A19F8}"
EndProject
Project("{FAE04EC0-301F-11D3-BF4B-00C04F79EFBC}") = "2_Cars", "2_Cars\2_Cars.csproj", "{F0807AE9-EE7D-44B1-A10C-40D71B15BBB0}"
EndProject
Global
	GlobalSection(SolutionConfigurationPlatforms) = preSolution
		Debug|Any CPU = Debug|Any CPU
		Release|Any CPU = Release|Any CPU
	EndGlobalSection
	GlobalSection(ProjectConfigurationPlatforms) = postSolution
		{ED39AA15-1868-4973-BF8F-47C99A1A19F8}.Debug|Any CPU.ActiveCfg = Debug|Any CPU
		{ED39AA15-1868-4973-BF8F-47C99A1A19F8}.Debug|Any CPU.Build.0 = Debug|Any CPU
		{ED39AA15-1868-4973-BF8F-47C99A1A19F8}.Release|Any CPU.ActiveCfg = Release|Any CPU
		{ED39AA15-1868-4973-BF8F-47C99A1A19F8}.Release|Any CPU.Build.0 = Release|Any CPU
		{F0807AE9-EE7D-44B1-A10C-40D71B15BBB0}.Debug|Any CPU.ActiveCfg = Debug|Any CPU
		{F0807AE9-EE7D-44B1-A10C-40D71B15BBB0}.Debug|Any CPU.Build.0 = Debug|Any CPU
		{F0807AE9-EE7D-44B1-A10C-40D71B15BBB0}.Release|Any CPU.ActiveCfg = Release|Any CPU
		{F0807AE9-EE7D-44B1-A10C-40D71B15BBB0}.Release|Any CPU.Build.0 = Release|Any CPU
	EndGlobalSection
	GlobalSection(SolutionProperties) = preSolution
		HideSolutionNode = FALSE
	EndGlobalSection
	GlobalSection(ExtensibilityGlobals) = postSolution
		SolutionGuid = {FBD801DB-DD45-4F43-A337-96358F5C218D}
	EndGlobalSection
EndGlobal
