
Microsoft Visual Studio Solution File, Format Version 12.00
# Visual Studio 15
VisualStudioVersion = 15.0.27130.2010
MinimumVisualStudioVersion = 10.0.40219.1
Project("{9A19103F-16F7-4668-BE54-9A1E7A4F7556}") = "1SortPersonsbyNameandAge", "1SortPersonsbyNameandAge\1SortPersonsbyNameandAge.csproj", "{B834C123-90BD-40B4-AF6E-FF05B9716409}"
EndProject
Project("{FAE04EC0-301F-11D3-BF4B-00C04F79EFBC}") = "Problems_2_3_4", "Problems_2_3_4\Problems_2_3_4.csproj", "{A395C2AF-11A4-48E7-B133-6924CE489DE8}"
EndProject
Global
	GlobalSection(SolutionConfigurationPlatforms) = preSolution
		Debug|Any CPU = Debug|Any CPU
		Release|Any CPU = Release|Any CPU
	EndGlobalSection
	GlobalSection(ProjectConfigurationPlatforms) = postSolution
		{B834C123-90BD-40B4-AF6E-FF05B9716409}.Debug|Any CPU.ActiveCfg = Debug|Any CPU
		{B834C123-90BD-40B4-AF6E-FF05B9716409}.Debug|Any CPU.Build.0 = Debug|Any CPU
		{B834C123-90BD-40B4-AF6E-FF05B9716409}.Release|Any CPU.ActiveCfg = Release|Any CPU
		{B834C123-90BD-40B4-AF6E-FF05B9716409}.Release|Any CPU.Build.0 = Release|Any CPU
		{A395C2AF-11A4-48E7-B133-6924CE489DE8}.Debug|Any CPU.ActiveCfg = Debug|Any CPU
		{A395C2AF-11A4-48E7-B133-6924CE489DE8}.Debug|Any CPU.Build.0 = Debug|Any CPU
		{A395C2AF-11A4-48E7-B133-6924CE489DE8}.Release|Any CPU.ActiveCfg = Release|Any CPU
		{A395C2AF-11A4-48E7-B133-6924CE489DE8}.Release|Any CPU.Build.0 = Release|Any CPU
	EndGlobalSection
	GlobalSection(SolutionProperties) = preSolution
		HideSolutionNode = FALSE
	EndGlobalSection
	GlobalSection(ExtensibilityGlobals) = postSolution
		SolutionGuid = {71C1CE6C-163F-4F59-BE9C-3585BF51360D}
	EndGlobalSection
EndGlobal
