
Microsoft Visual Studio Solution File, Format Version 12.00
# Visual Studio 15
VisualStudioVersion = 15.0.27130.2010
MinimumVisualStudioVersion = 10.0.40219.1
Project("{FAE04EC0-301F-11D3-BF4B-00C04F79EFBC}") = "Grand_Prix", "Grand_Prix\Grand_Prix.csproj", "{1EABAC61-FCCD-4FEB-9F54-55A749E69961}"
EndProject
Global
	GlobalSection(SolutionConfigurationPlatforms) = preSolution
		Debug|Any CPU = Debug|Any CPU
		Release|Any CPU = Release|Any CPU
	EndGlobalSection
	GlobalSection(ProjectConfigurationPlatforms) = postSolution
		{1EABAC61-FCCD-4FEB-9F54-55A749E69961}.Debug|Any CPU.ActiveCfg = Debug|Any CPU
		{1EABAC61-FCCD-4FEB-9F54-55A749E69961}.Debug|Any CPU.Build.0 = Debug|Any CPU
		{1EABAC61-FCCD-4FEB-9F54-55A749E69961}.Release|Any CPU.ActiveCfg = Release|Any CPU
		{1EABAC61-FCCD-4FEB-9F54-55A749E69961}.Release|Any CPU.Build.0 = Release|Any CPU
	EndGlobalSection
	GlobalSection(SolutionProperties) = preSolution
		HideSolutionNode = FALSE
	EndGlobalSection
	GlobalSection(ExtensibilityGlobals) = postSolution
		SolutionGuid = {56563E01-B49D-45F4-A2C0-49C6734495A3}
	EndGlobalSection
EndGlobal
